// !$*UTF8*$!
{
	archiveVersion = 1;
	classes = {
	};
	objectVersion = 46;
	objects = {

/* Begin PBXBuildFile section */
		55F708901F4BDFD600EE3DB3 /* AppDelegate.swift in Sources */ = {isa = PBXBuildFile; fileRef = 55F7088F1F4BDFD600EE3DB3 /* AppDelegate.swift */; };
		55F708921F4BDFD600EE3DB3 /* ViewController.swift in Sources */ = {isa = PBXBuildFile; fileRef = 55F708911F4BDFD600EE3DB3 /* ViewController.swift */; };
		55F708951F4BDFD600EE3DB3 /* Main.storyboard in Resources */ = {isa = PBXBuildFile; fileRef = 55F708931F4BDFD600EE3DB3 /* Main.storyboard */; };
		55F708971F4BDFD600EE3DB3 /* Assets.xcassets in Resources */ = {isa = PBXBuildFile; fileRef = 55F708961F4BDFD600EE3DB3 /* Assets.xcassets */; };
		55F7089A1F4BDFD600EE3DB3 /* LaunchScreen.storyboard in Resources */ = {isa = PBXBuildFile; fileRef = 55F708981F4BDFD600EE3DB3 /* LaunchScreen.storyboard */; };
		55F708A51F4BDFD600EE3DB3 /* __Tests.swift in Sources */ = {isa = PBXBuildFile; fileRef = 55F708A41F4BDFD600EE3DB3 /* __Tests.swift */; };
		55F708B01F4BDFD600EE3DB3 /* __UITests.swift in Sources */ = {isa = PBXBuildFile; fileRef = 55F708AF1F4BDFD600EE3DB3 /* __UITests.swift */; };
/* End PBXBuildFile section */

/* Begin PBXContainerItemProxy section */
		55F708A11F4BDFD600EE3DB3 /* PBXContainerItemProxy */ = {
			isa = PBXContainerItemProxy;
			containerPortal = 55F708841F4BDFD600EE3DB3 /* Project object */;
			proxyType = 1;
			remoteGlobalIDString = 55F7088B1F4BDFD600EE3DB3;
			remoteInfo = "翻牌";
		};
		55F708AC1F4BDFD600EE3DB3 /* PBXContainerItemProxy */ = {
			isa = PBXContainerItemProxy;
			containerPortal = 55F708841F4BDFD600EE3DB3 /* Project object */;
			proxyType = 1;
			remoteGlobalIDString = 55F7088B1F4BDFD600EE3DB3;
			remoteInfo = "翻牌";
		};
/* End PBXContainerItemProxy section */

/* Begin PBXFileReference section */
		55F7088C1F4BDFD600EE3DB3 /* 翻牌.app */ = {isa = PBXFileReference; explicitFileType = wrapper.application; includeInIndex = 0; path = "翻牌.app"; sourceTree = BUILT_PRODUCTS_DIR; };
		55F7088F1F4BDFD600EE3DB3 /* AppDelegate.swift */ = {isa = PBXFileReference; lastKnownFileType = sourcecode.swift; path = AppDelegate.swift; sourceTree = "<group>"; };
		55F708911F4BDFD600EE3DB3 /* ViewController.swift */ = {isa = PBXFileReference; lastKnownFileType = sourcecode.swift; path = ViewController.swift; sourceTree = "<group>"; };
		55F708941F4BDFD600EE3DB3 /* Base */ = {isa = PBXFileReference; lastKnownFileType = file.storyboard; name = Base; path = Base.lproj/Main.storyboard; sourceTree = "<group>"; };
		55F708961F4BDFD600EE3DB3 /* Assets.xcassets */ = {isa = PBXFileReference; lastKnownFileType = folder.assetcatalog; path = Assets.xcassets; sourceTree = "<group>"; };
		55F708991F4BDFD600EE3DB3 /* Base */ = {isa = PBXFileReference; lastKnownFileType = file.storyboard; name = Base; path = Base.lproj/LaunchScreen.storyboard; sourceTree = "<group>"; };
		55F7089B1F4BDFD600EE3DB3 /* Info.plist */ = {isa = PBXFileReference; lastKnownFileType = text.plist.xml; path = Info.plist; sourceTree = "<group>"; };
		55F708A01F4BDFD600EE3DB3 /* 翻牌Tests.xctest */ = {isa = PBXFileReference; explicitFileType = wrapper.cfbundle; includeInIndex = 0; path = "翻牌Tests.xctest"; sourceTree = BUILT_PRODUCTS_DIR; };
		55F708A41F4BDFD600EE3DB3 /* __Tests.swift */ = {isa = PBXFileReference; lastKnownFileType = sourcecode.swift; path = __Tests.swift; sourceTree = "<group>"; };
		55F708A61F4BDFD600EE3DB3 /* Info.plist */ = {isa = PBXFileReference; lastKnownFileType = text.plist.xml; path = Info.plist; sourceTree = "<group>"; };
		55F708AB1F4BDFD600EE3DB3 /* 翻牌UITests.xctest */ = {isa = PBXFileReference; explicitFileType = wrapper.cfbundle; includeInIndex = 0; path = "翻牌UITests.xctest"; sourceTree = BUILT_PRODUCTS_DIR; };
		55F708AF1F4BDFD600EE3DB3 /* __UITests.swift */ = {isa = PBXFileReference; lastKnownFileType = sourcecode.swift; path = __UITests.swift; sourceTree = "<group>"; };
		55F708B11F4BDFD600EE3DB3 /* Info.plist */ = {isa = PBXFileReference; lastKnownFileType = text.plist.xml; path = Info.plist; sourceTree = "<group>"; };
/* End PBXFileReference section */

/* Begin PBXFrameworksBuildPhase section */
		55F708891F4BDFD600EE3DB3 /* Frameworks */ = {
			isa = PBXFrameworksBuildPhase;
			buildActionMask = 2147483647;
			files = (
			);
			runOnlyForDeploymentPostprocessing = 0;
		};
		55F7089D1F4BDFD600EE3DB3 /* Frameworks */ = {
			isa = PBXFrameworksBuildPhase;
			buildActionMask = 2147483647;
			files = (
			);
			runOnlyForDeploymentPostprocessing = 0;
		};
		55F708A81F4BDFD600EE3DB3 /* Frameworks */ = {
			isa = PBXFrameworksBuildPhase;
			buildActionMask = 2147483647;
			files = (
			);
			runOnlyForDeploymentPostprocessing = 0;
		};
/* End PBXFrameworksBuildPhase section */

/* Begin PBXGroup section */
		55F708831F4BDFD600EE3DB3 = {
			isa = PBXGroup;
			children = (
				55F7088E1F4BDFD600EE3DB3 /* 翻牌 */,
				55F708A31F4BDFD600EE3DB3 /* 翻牌Tests */,
				55F708AE1F4BDFD600EE3DB3 /* 翻牌UITests */,
				55F7088D1F4BDFD600EE3DB3 /* Products */,
			);
			sourceTree = "<group>";
		};
		55F7088D1F4BDFD600EE3DB3 /* Products */ = {
			isa = PBXGroup;
			children = (
				55F7088C1F4BDFD600EE3DB3 /* 翻牌.app */,
				55F708A01F4BDFD600EE3DB3 /* 翻牌Tests.xctest */,
				55F708AB1F4BDFD600EE3DB3 /* 翻牌UITests.xctest */,
			);
			name = Products;
			sourceTree = "<group>";
		};
		55F7088E1F4BDFD600EE3DB3 /* 翻牌 */ = {
			isa = PBXGroup;
			children = (
				55F7088F1F4BDFD600EE3DB3 /* AppDelegate.swift */,
				55F708911F4BDFD600EE3DB3 /* ViewController.swift */,
				55F708931F4BDFD600EE3DB3 /* Main.storyboard */,
				55F708961F4BDFD600EE3DB3 /* Assets.xcassets */,
				55F708981F4BDFD600EE3DB3 /* LaunchScreen.storyboard */,
				55F7089B1F4BDFD600EE3DB3 /* Info.plist */,
			);
			path = "翻牌";
			sourceTree = "<group>";
		};
		55F708A31F4BDFD600EE3DB3 /* 翻牌Tests */ = {
			isa = PBXGroup;
			children = (
				55F708A41F4BDFD600EE3DB3 /* __Tests.swift */,
				55F708A61F4BDFD600EE3DB3 /* Info.plist */,
			);
			path = "翻牌Tests";
			sourceTree = "<group>";
		};
		55F708AE1F4BDFD600EE3DB3 /* 翻牌UITests */ = {
			isa = PBXGroup;
			children = (
				55F708AF1F4BDFD600EE3DB3 /* __UITests.swift */,
				55F708B11F4BDFD600EE3DB3 /* Info.plist */,
			);
			path = "翻牌UITests";
			sourceTree = "<group>";
		};
/* End PBXGroup section */

/* Begin PBXNativeTarget section */
		55F7088B1F4BDFD600EE3DB3 /* 翻牌 */ = {
			isa = PBXNativeTarget;
			buildConfigurationList = 55F708B41F4BDFD600EE3DB3 /* Build configuration list for PBXNativeTarget "翻牌" */;
			buildPhases = (
				55F708881F4BDFD600EE3DB3 /* Sources */,
				55F708891F4BDFD600EE3DB3 /* Frameworks */,
				55F7088A1F4BDFD600EE3DB3 /* Resources */,
			);
			buildRules = (
			);
			dependencies = (
			);
			name = "翻牌";
			productName = "翻牌";
			productReference = 55F7088C1F4BDFD600EE3DB3 /* 翻牌.app */;
			productType = "com.apple.product-type.application";
		};
		55F7089F1F4BDFD600EE3DB3 /* 翻牌Tests */ = {
			isa = PBXNativeTarget;
			buildConfigurationList = 55F708B71F4BDFD600EE3DB3 /* Build configuration list for PBXNativeTarget "翻牌Tests" */;
			buildPhases = (
				55F7089C1F4BDFD600EE3DB3 /* Sources */,
				55F7089D1F4BDFD600EE3DB3 /* Frameworks */,
				55F7089E1F4BDFD600EE3DB3 /* Resources */,
			);
			buildRules = (
			);
			dependencies = (
				55F708A21F4BDFD600EE3DB3 /* PBXTargetDependency */,
			);
			name = "翻牌Tests";
			productName = "翻牌Tests";
			productReference = 55F708A01F4BDFD600EE3DB3 /* 翻牌Tests.xctest */;
			productType = "com.apple.product-type.bundle.unit-test";
		};
		55F708AA1F4BDFD600EE3DB3 /* 翻牌UITests */ = {
			isa = PBXNativeTarget;
			buildConfigurationList = 55F708BA1F4BDFD600EE3DB3 /* Build configuration list for PBXNativeTarget "翻牌UITests" */;
			buildPhases = (
				55F708A71F4BDFD600EE3DB3 /* Sources */,
				55F708A81F4BDFD600EE3DB3 /* Frameworks */,
				55F708A91F4BDFD600EE3DB3 /* Resources */,
			);
			buildRules = (
			);
			dependencies = (
				55F708AD1F4BDFD600EE3DB3 /* PBXTargetDependency */,
			);
			name = "翻牌UITests";
			productName = "翻牌UITests";
			productReference = 55F708AB1F4BDFD600EE3DB3 /* 翻牌UITests.xctest */;
			productType = "com.apple.product-type.bundle.ui-testing";
		};
/* End PBXNativeTarget section */

/* Begin PBXProject section */
		55F708841F4BDFD600EE3DB3 /* Project object */ = {
			isa = PBXProject;
			attributes = {
				LastSwiftUpdateCheck = 0830;
				LastUpgradeCheck = 0830;
				ORGANIZATIONNAME = guoda;
				TargetAttributes = {
					55F7088B1F4BDFD600EE3DB3 = {
						CreatedOnToolsVersion = 8.3.3;
						DevelopmentTeam = 9ZSGLW8KUA;
						ProvisioningStyle = Automatic;
					};
					55F7089F1F4BDFD600EE3DB3 = {
						CreatedOnToolsVersion = 8.3.3;
						DevelopmentTeam = 9ZSGLW8KUA;
						ProvisioningStyle = Automatic;
						TestTargetID = 55F7088B1F4BDFD600EE3DB3;
					};
					55F708AA1F4BDFD600EE3DB3 = {
						CreatedOnToolsVersion = 8.3.3;
						DevelopmentTeam = 9ZSGLW8KUA;
						ProvisioningStyle = Automatic;
						TestTargetID = 55F7088B1F4BDFD600EE3DB3;
					};
				};
			};
			buildConfigurationList = 55F708871F4BDFD600EE3DB3 /* Build configuration list for PBXProject "翻牌" */;
			compatibilityVersion = "Xcode 3.2";
			developmentRegion = English;
			hasScannedForEncodings = 0;
			knownRegions = (
				en,
				Base,
			);
			mainGroup = 55F708831F4BDFD600EE3DB3;
			productRefGroup = 55F7088D1F4BDFD600EE3DB3 /* Products */;
			projectDirPath = "";
			projectRoot = "";
			targets = (
				55F7088B1F4BDFD600EE3DB3 /* 翻牌 */,
				55F7089F1F4BDFD600EE3DB3 /* 翻牌Tests */,
				55F708AA1F4BDFD600EE3DB3 /* 翻牌UITests */,
			);
		};
/* End PBXProject section */

/* Begin PBXResourcesBuildPhase section */
		55F7088A1F4BDFD600EE3DB3 /* Resources */ = {
			isa = PBXResourcesBuildPhase;
			buildActionMask = 2147483647;
			files = (
				55F7089A1F4BDFD600EE3DB3 /* LaunchScreen.storyboard in Resources */,
				55F708971F4BDFD600EE3DB3 /* Assets.xcassets in Resources */,
				55F708951F4BDFD600EE3DB3 /* Main.storyboard in Resources */,
			);
			runOnlyForDeploymentPostprocessing = 0;
		};
		55F7089E1F4BDFD600EE3DB3 /* Resources */ = {
			isa = PBXResourcesBuildPhase;
			buildActionMask = 2147483647;
			files = (
			);
			runOnlyForDeploymentPostprocessing = 0;
		};
		55F708A91F4BDFD600EE3DB3 /* Resources */ = {
			isa = PBXResourcesBuildPhase;
			buildActionMask = 2147483647;
			files = (
			);
			runOnlyForDeploymentPostprocessing = 0;
		};
/* End PBXResourcesBuildPhase section */

/* Begin PBXSourcesBuildPhase section */
		55F708881F4BDFD600EE3DB3 /* Sources */ = {
			isa = PBXSourcesBuildPhase;
			buildActionMask = 2147483647;
			files = (
				55F708921F4BDFD600EE3DB3 /* ViewController.swift in Sources */,
				55F708901F4BDFD600EE3DB3 /* AppDelegate.swift in Sources */,
			);
			runOnlyForDeploymentPostprocessing = 0;
		};
		55F7089C1F4BDFD600EE3DB3 /* Sources */ = {
			isa = PBXSourcesBuildPhase;
			buildActionMask = 2147483647;
			files = (
				55F708A51F4BDFD600EE3DB3 /* __Tests.swift in Sources */,
			);
			runOnlyForDeploymentPostprocessing = 0;
		};
		55F708A71F4BDFD600EE3DB3 /* Sources */ = {
			isa = PBXSourcesBuildPhase;
			buildActionMask = 2147483647;
			files = (
				55F708B01F4BDFD600EE3DB3 /* __UITests.swift in Sources */,
			);
			runOnlyForDeploymentPostprocessing = 0;
		};
/* End PBXSourcesBuildPhase section */

/* Begin PBXTargetDependency section */
		55F708A21F4BDFD600EE3DB3 /* PBXTargetDependency */ = {
			isa = PBXTargetDependency;
			target = 55F7088B1F4BDFD600EE3DB3 /* 翻牌 */;
			targetProxy = 55F708A11F4BDFD600EE3DB3 /* PBXContainerItemProxy */;
		};
		55F708AD1F4BDFD600EE3DB3 /* PBXTargetDependency */ = {
			isa = PBXTargetDependency;
			target = 55F7088B1F4BDFD600EE3DB3 /* 翻牌 */;
			targetProxy = 55F708AC1F4BDFD600EE3DB3 /* PBXContainerItemProxy */;
		};
/* End PBXTargetDependency section */

/* Begin PBXVariantGroup section */
		55F708931F4BDFD600EE3DB3 /* Main.storyboard */ = {
			isa = PBXVariantGroup;
			children = (
				55F708941F4BDFD600EE3DB3 /* Base */,
			);
			name = Main.storyboard;
			sourceTree = "<group>";
		};
		55F708981F4BDFD600EE3DB3 /* LaunchScreen.storyboard */ = {
			isa = PBXVariantGroup;
			children = (
				55F708991F4BDFD600EE3DB3 /* Base */,
			);
			name = LaunchScreen.storyboard;
			sourceTree = "<group>";
		};
/* End PBXVariantGroup section */

/* Begin XCBuildConfiguration section */
		55F708B21F4BDFD600EE3DB3 /* Debug */ = {
			isa = XCBuildConfiguration;
			buildSettings = {
				ALWAYS_SEARCH_USER_PATHS = NO;
				CLANG_ANALYZER_NONNULL = YES;
				CLANG_ANALYZER_NUMBER_OBJECT_CONVERSION = YES_AGGRESSIVE;
				CLANG_CXX_LANGUAGE_STANDARD = "gnu++0x";
				CLANG_CXX_LIBRARY = "libc++";
				CLANG_ENABLE_MODULES = YES;
				CLANG_ENABLE_OBJC_ARC = YES;
				CLANG_WARN_BOOL_CONVERSION = YES;
				CLANG_WARN_CONSTANT_CONVERSION = YES;
				CLANG_WARN_DIRECT_OBJC_ISA_USAGE = YES_ERROR;
				CLANG_WARN_DOCUMENTATION_COMMENTS = YES;
				CLANG_WARN_EMPTY_BODY = YES;
				CLANG_WARN_ENUM_CONVERSION = YES;
				CLANG_WARN_INFINITE_RECURSION = YES;
				CLANG_WARN_INT_CONVERSION = YES;
				CLANG_WARN_OBJC_ROOT_CLASS = YES_ERROR;
				CLANG_WARN_SUSPICIOUS_MOVE = YES;
				CLANG_WARN_UNREACHABLE_CODE = YES;
				CLANG_WARN__DUPLICATE_METHOD_MATCH = YES;
				"CODE_SIGN_IDENTITY[sdk=iphoneos*]" = "iPhone Developer";
				COPY_PHASE_STRIP = NO;
				DEBUG_INFORMATION_FORMAT = dwarf;
				ENABLE_STRICT_OBJC_MSGSEND = YES;
				ENABLE_TESTABILITY = YES;
				GCC_C_LANGUAGE_STANDARD = gnu99;
				GCC_DYNAMIC_NO_PIC = NO;
				GCC_NO_COMMON_BLOCKS = YES;
				GCC_OPTIMIZATION_LEVEL = 0;
				GCC_PREPROCESSOR_DEFINITIONS = (
					"DEBUG=1",
					"$(inherited)",
				);
				GCC_WARN_64_TO_32_BIT_CONVERSION = YES;
				GCC_WARN_ABOUT_RETURN_TYPE = YES_ERROR;
				GCC_WARN_UNDECLARED_SELECTOR = YES;
				GCC_WARN_UNINITIALIZED_AUTOS = YES_AGGRESSIVE;
				GCC_WARN_UNUSED_FUNCTION = YES;
				GCC_WARN_UNUSED_VARIABLE = YES;
				IPHONEOS_DEPLOYMENT_TARGET = 10.3;
				MTL_ENABLE_DEBUG_INFO = YES;
				ONLY_ACTIVE_ARCH = YES;
				SDKROOT = iphoneos;
				SWIFT_ACTIVE_COMPILATION_CONDITIONS = DEBUG;
				SWIFT_OPTIMIZATION_LEVEL = "-Onone";
				TARGETED_DEVICE_FAMILY = "1,2";
			};
			name = Debug;
		};
		55F708B31F4BDFD600EE3DB3 /* Release */ = {
			isa = XCBuildConfiguration;
			buildSettings = {
				ALWAYS_SEARCH_USER_PATHS = NO;
				CLANG_ANALYZER_NONNULL = YES;
				CLANG_ANALYZER_NUMBER_OBJECT_CONVERSION = YES_AGGRESSIVE;
				CLANG_CXX_LANGUAGE_STANDARD = "gnu++0x";
				CLANG_CXX_LIBRARY = "libc++";
				CLANG_ENABLE_MODULES = YES;
				CLANG_ENABLE_OBJC_ARC = YES;
				CLANG_WARN_BOOL_CONVERSION = YES;
				CLANG_WARN_CONSTANT_CONVERSION = YES;
				CLANG_WARN_DIRECT_OBJC_ISA_USAGE = YES_ERROR;
				CLANG_WARN_DOCUMENTATION_COMMENTS = YES;
				CLANG_WARN_EMPTY_BODY = YES;
				CLANG_WARN_ENUM_CONVERSION = YES;
				CLANG_WARN_INFINITE_RECURSION = YES;
				CLANG_WARN_INT_CONVERSION = YES;
				CLANG_WARN_OBJC_ROOT_CLASS = YES_ERROR;
				CLANG_WARN_SUSPICIOUS_MOVE = YES;
				CLANG_WARN_UNREACHABLE_CODE = YES;
				CLANG_WARN__DUPLICATE_METHOD_MATCH = YES;
				"CODE_SIGN_IDENTITY[sdk=iphoneos*]" = "iPhone Developer";
				COPY_PHASE_STRIP = NO;
				DEBUG_INFORMATION_FORMAT = "dwarf-with-dsym";
				ENABLE_NS_ASSERTIONS = NO;
				ENABLE_STRICT_OBJC_MSGSEND = YES;
				GCC_C_LANGUAGE_STANDARD = gnu99;
				GCC_NO_COMMON_BLOCKS = YES;
				GCC_WARN_64_TO_32_BIT_CONVERSION = YES;
				GCC_WARN_ABOUT_RETURN_TYPE = YES_ERROR;
				GCC_WARN_UNDECLARED_SELECTOR = YES;
				GCC_WARN_UNINITIALIZED_AUTOS = YES_AGGRESSIVE;
				GCC_WARN_UNUSED_FUNCTION = YES;
				GCC_WARN_UNUSED_VARIABLE = YES;
				IPHONEOS_DEPLOYMENT_TARGET = 10.3;
				MTL_ENABLE_DEBUG_INFO = NO;
				SDKROOT = iphoneos;
				SWIFT_OPTIMIZATION_LEVEL = "-Owholemodule";
				TARGETED_DEVICE_FAMILY = "1,2";
				VALIDATE_PRODUCT = YES;
			};
			name = Release;
		};
		55F708B51F4BDFD600EE3DB3 /* Debug */ = {
			isa = XCBuildConfiguration;
			buildSettings = {
				ASSETCATALOG_COMPILER_APPICON_NAME = AppIcon;
				DEVELOPMENT_TEAM = 9ZSGLW8KUA;
				INFOPLIST_FILE = "翻牌/Info.plist";
				LD_RUNPATH_SEARCH_PATHS = "$(inherited) @executable_path/Frameworks";
				PRODUCT_BUNDLE_IDENTIFIER = "com.xs.moqing.--";
				PRODUCT_NAME = "$(TARGET_NAME)";
				SWIFT_VERSION = 3.0;
			};
			name = Debug;
		};
		55F708B61F4BDFD600EE3DB3 /* Release */ = {
			isa = XCBuildConfiguration;
			buildSettings = {
				ASSETCATALOG_COMPILER_APPICON_NAME = AppIcon;
				DEVELOPMENT_TEAM = 9ZSGLW8KUA;
				INFOPLIST_FILE = "翻牌/Info.plist";
				LD_RUNPATH_SEARCH_PATHS = "$(inherited) @executable_path/Frameworks";
				PRODUCT_BUNDLE_IDENTIFIER = "com.xs.moqing.--";
				PRODUCT_NAME = "$(TARGET_NAME)";
				SWIFT_VERSION = 3.0;
			};
			name = Release;
		};
		55F708B81F4BDFD600EE3DB3 /* Debug */ = {
			isa = XCBuildConfiguration;
			buildSettings = {
				ALWAYS_EMBED_SWIFT_STANDARD_LIBRARIES = YES;
				BUNDLE_LOADER = "$(TEST_HOST)";
				DEVELOPMENT_TEAM = 9ZSGLW8KUA;
				INFOPLIST_FILE = "翻牌Tests/Info.plist";
				LD_RUNPATH_SEARCH_PATHS = "$(inherited) @executable_path/Frameworks @loader_path/Frameworks";
				PRODUCT_BUNDLE_IDENTIFIER = "com.xs.moqing.--Tests";
				PRODUCT_NAME = "$(TARGET_NAME)";
				SWIFT_VERSION = 3.0;
				TEST_HOST = "$(BUILT_PRODUCTS_DIR)/翻牌.app/翻牌";
			};
			name = Debug;
		};
		55F708B91F4BDFD600EE3DB3 /* Release */ = {
			isa = XCBuildConfiguration;
			buildSettings = {
				ALWAYS_EMBED_SWIFT_STANDARD_LIBRARIES = YES;
				BUNDLE_LOADER = "$(TEST_HOST)";
				DEVELOPMENT_TEAM = 9ZSGLW8KUA;
				INFOPLIST_FILE = "翻牌Tests/Info.plist";
				LD_RUNPATH_SEARCH_PATHS = "$(inherited) @executable_path/Frameworks @loader_path/Frameworks";
				PRODUCT_BUNDLE_IDENTIFIER = "com.xs.moqing.--Tests";
				PRODUCT_NAME = "$(TARGET_NAME)";
				SWIFT_VERSION = 3.0;
				TEST_HOST = "$(BUILT_PRODUCTS_DIR)/翻牌.app/翻牌";
			};
			name = Release;
		};
		55F708BB1F4BDFD600EE3DB3 /* Debug */ = {
			isa = XCBuildConfiguration;
			buildSettings = {
				ALWAYS_EMBED_SWIFT_STANDARD_LIBRARIES = YES;
				DEVELOPMENT_TEAM = 9ZSGLW8KUA;
				INFOPLIST_FILE = "翻牌UITests/Info.plist";
				LD_RUNPATH_SEARCH_PATHS = "$(inherited) @executable_path/Frameworks @loader_path/Frameworks";
				PRODUCT_BUNDLE_IDENTIFIER = "com.xs.moqing.--UITests";
				PRODUCT_NAME = "$(TARGET_NAME)";
				SWIFT_VERSION = 3.0;
				TEST_TARGET_NAME = "翻牌";
			};
			name = Debug;
		};
		55F708BC1F4BDFD600EE3DB3 /* Release */ = {
			isa = XCBuildConfiguration;
			buildSettings = {
				ALWAYS_EMBED_SWIFT_STANDARD_LIBRARIES = YES;
				DEVELOPMENT_TEAM = 9ZSGLW8KUA;
				INFOPLIST_FILE = "翻牌UITests/Info.plist";
				LD_RUNPATH_SEARCH_PATHS = "$(inherited) @executable_path/Frameworks @loader_path/Frameworks";
				PRODUCT_BUNDLE_IDENTIFIER = "com.xs.moqing.--UITests";
				PRODUCT_NAME = "$(TARGET_NAME)";
				SWIFT_VERSION = 3.0;
				TEST_TARGET_NAME = "翻牌";
			};
			name = Release;
		};
/* End XCBuildConfiguration section */

/* Begin XCConfigurationList section */
		55F708871F4BDFD600EE3DB3 /* Build configuration list for PBXProject "翻牌" */ = {
			isa = XCConfigurationList;
			buildConfigurations = (
				55F708B21F4BDFD600EE3DB3 /* Debug */,
				55F708B31F4BDFD600EE3DB3 /* Release */,
			);
			defaultConfigurationIsVisible = 0;
			defaultConfigurationName = Release;
		};
		55F708B41F4BDFD600EE3DB3 /* Build configuration list for PBXNativeTarget "翻牌" */ = {
			isa = XCConfigurationList;
			buildConfigurations = (
				55F708B51F4BDFD600EE3DB3 /* Debug */,
				55F708B61F4BDFD600EE3DB3 /* Release */,
			);
			defaultConfigurationIsVisible = 0;
		};
		55F708B71F4BDFD600EE3DB3 /* Build configuration list for PBXNativeTarget "翻牌Tests" */ = {
			isa = XCConfigurationList;
			buildConfigurations = (
				55F708B81F4BDFD600EE3DB3 /* Debug */,
				55F708B91F4BDFD600EE3DB3 /* Release */,
			);
			defaultConfigurationIsVisible = 0;
		};
		55F708BA1F4BDFD600EE3DB3 /* Build configuration list for PBXNativeTarget "翻牌UITests" */ = {
			isa = XCConfigurationList;
			buildConfigurations = (
				55F708BB1F4BDFD600EE3DB3 /* Debug */,
				55F708BC1F4BDFD600EE3DB3 /* Release */,
			);
			defaultConfigurationIsVisible = 0;
		};
/* End XCConfigurationList section */
	};
	rootObject = 55F708841F4BDFD600EE3DB3 /* Project object */;
}
